
Microsoft Visual Studio Solution File, Format Version 12.00
# Visual Studio Version 17
VisualStudioVersion = 17.0.31903.59
MinimumVisualStudioVersion = 10.0.40219.1
Project("{FAE04EC0-301F-11D3-BF4B-00C04F79EFBC}") = "CreallaCore", "CreallaCore\CreallaCore.csproj", "{5862531E-0469-4898-9337-2662AE156AB4}"
EndProject
Project("{FAE04EC0-301F-11D3-BF4B-00C04F79EFBC}") = "CreallaTest", "CreallaTest\CreallaTest.csproj", "{10F60A38-BE71-4736-98F5-057322C5B216}"
EndProject
Global
	GlobalSection(SolutionConfigurationPlatforms) = preSolution
		Debug|Any CPU = Debug|Any CPU
		Release|Any CPU = Release|Any CPU
	EndGlobalSection
	GlobalSection(SolutionProperties) = preSolution
		HideSolutionNode = FALSE
	EndGlobalSection
	GlobalSection(ProjectConfigurationPlatforms) = postSolution
		{5862531E-0469-4898-9337-2662AE156AB4}.Debug|Any CPU.ActiveCfg = Debug|Any CPU
		{5862531E-0469-4898-9337-2662AE156AB4}.Debug|Any CPU.Build.0 = Debug|Any CPU
		{5862531E-0469-4898-9337-2662AE156AB4}.Release|Any CPU.ActiveCfg = Release|Any CPU
		{5862531E-0469-4898-9337-2662AE156AB4}.Release|Any CPU.Build.0 = Release|Any CPU
		{10F60A38-BE71-4736-98F5-057322C5B216}.Debug|Any CPU.ActiveCfg = Debug|Any CPU
		{10F60A38-BE71-4736-98F5-057322C5B216}.Debug|Any CPU.Build.0 = Debug|Any CPU
		{10F60A38-BE71-4736-98F5-057322C5B216}.Release|Any CPU.ActiveCfg = Release|Any CPU
		{10F60A38-BE71-4736-98F5-057322C5B216}.Release|Any CPU.Build.0 = Release|Any CPU
	EndGlobalSection
EndGlobal
